
Microsoft Visual Studio Solution File, Format Version 12.00
# Visual Studio 15
VisualStudioVersion = 15.0.26730.15
MinimumVisualStudioVersion = 10.0.40219.1
Project("{9A19103F-16F7-4668-BE54-9A1E7A4F7556}") = "TranscodeVideo", "TranscodeVideo\TranscodeVideo.csproj", "{33C13857-7A8D-454A-BFFC-B97522279AA9}"
EndProject
Project("{9A19103F-16F7-4668-BE54-9A1E7A4F7556}") = "TranscodeVideo.Tests", "TranscodeVideo.Tests\TranscodeVideo.Tests.csproj", "{6F093F89-50D0-41D5-A87A-77E7542D617E}"
EndProject
Global
	GlobalSection(SolutionConfigurationPlatforms) = preSolution
		Debug|Any CPU = Debug|Any CPU
		Release|Any CPU = Release|Any CPU
	EndGlobalSection
	GlobalSection(ProjectConfigurationPlatforms) = postSolution
		{33C13857-7A8D-454A-BFFC-B97522279AA9}.Debug|Any CPU.ActiveCfg = Debug|Any CPU
		{33C13857-7A8D-454A-BFFC-B97522279AA9}.Debug|Any CPU.Build.0 = Debug|Any CPU
		{33C13857-7A8D-454A-BFFC-B97522279AA9}.Release|Any CPU.ActiveCfg = Release|Any CPU
		{33C13857-7A8D-454A-BFFC-B97522279AA9}.Release|Any CPU.Build.0 = Release|Any CPU
		{6F093F89-50D0-41D5-A87A-77E7542D617E}.Debug|Any CPU.ActiveCfg = Debug|Any CPU
		{6F093F89-50D0-41D5-A87A-77E7542D617E}.Debug|Any CPU.Build.0 = Debug|Any CPU
		{6F093F89-50D0-41D5-A87A-77E7542D617E}.Release|Any CPU.ActiveCfg = Release|Any CPU
		{6F093F89-50D0-41D5-A87A-77E7542D617E}.Release|Any CPU.Build.0 = Release|Any CPU
	EndGlobalSection
	GlobalSection(SolutionProperties) = preSolution
		HideSolutionNode = FALSE
	EndGlobalSection
	GlobalSection(ExtensibilityGlobals) = postSolution
		SolutionGuid = {EC3547BA-8AFB-43EE-8D1C-3D43C8D189CE}
	EndGlobalSection
EndGlobal
